
Microsoft Visual Studio Solution File, Format Version 12.00
# Visual Studio Version 17
VisualStudioVersion = 17.2.32526.322
MinimumVisualStudioVersion = 10.0.40219.1
Project("{9A19103F-16F7-4668-BE54-9A1E7A4F7556}") = "ProyectoDesarrollo", "ProyectoDesarrollo\ProyectoDesarrollo.csproj", "{962A2B18-CF82-48CD-8A2C-401A16B0E91C}"
EndProject
Project("{9A19103F-16F7-4668-BE54-9A1E7A4F7556}") = "TestProject", "TestProject\TestProject.csproj", "{6D505157-32E2-4821-83DB-F424A7E10AE5}"
EndProject
Project("{9A19103F-16F7-4668-BE54-9A1E7A4F7556}") = "Administracion", "Administracion\Administracion.csproj", "{76E1238B-EE0B-4C86-A620-89A9650EAA17}"
EndProject
Project("{9A19103F-16F7-4668-BE54-9A1E7A4F7556}") = "RegistroDeIncidentesPeritos", "RegistroDeIncidentesPeritos\RegistroDeIncidentesPeritos.csproj", "{166D307D-3A65-4BF1-ACD4-8BDA6E7092E1}"
EndProject
Project("{FAE04EC0-301F-11D3-BF4B-00C04F79EFBC}") = "Talleres", "Talleres\Talleres.csproj", "{2FE6D6CA-6546-4E0D-86AC-94888935CC1C}"
EndProject
Global
	GlobalSection(SolutionConfigurationPlatforms) = preSolution
		Debug|Any CPU = Debug|Any CPU
		Release|Any CPU = Release|Any CPU
	EndGlobalSection
	GlobalSection(ProjectConfigurationPlatforms) = postSolution
		{962A2B18-CF82-48CD-8A2C-401A16B0E91C}.Debug|Any CPU.ActiveCfg = Debug|Any CPU
		{962A2B18-CF82-48CD-8A2C-401A16B0E91C}.Debug|Any CPU.Build.0 = Debug|Any CPU
		{962A2B18-CF82-48CD-8A2C-401A16B0E91C}.Release|Any CPU.ActiveCfg = Release|Any CPU
		{962A2B18-CF82-48CD-8A2C-401A16B0E91C}.Release|Any CPU.Build.0 = Release|Any CPU
		{6D505157-32E2-4821-83DB-F424A7E10AE5}.Debug|Any CPU.ActiveCfg = Debug|Any CPU
		{6D505157-32E2-4821-83DB-F424A7E10AE5}.Debug|Any CPU.Build.0 = Debug|Any CPU
		{6D505157-32E2-4821-83DB-F424A7E10AE5}.Release|Any CPU.ActiveCfg = Release|Any CPU
		{6D505157-32E2-4821-83DB-F424A7E10AE5}.Release|Any CPU.Build.0 = Release|Any CPU
		{76E1238B-EE0B-4C86-A620-89A9650EAA17}.Debug|Any CPU.ActiveCfg = Debug|Any CPU
		{76E1238B-EE0B-4C86-A620-89A9650EAA17}.Debug|Any CPU.Build.0 = Debug|Any CPU
		{76E1238B-EE0B-4C86-A620-89A9650EAA17}.Release|Any CPU.ActiveCfg = Release|Any CPU
		{76E1238B-EE0B-4C86-A620-89A9650EAA17}.Release|Any CPU.Build.0 = Release|Any CPU
		{166D307D-3A65-4BF1-ACD4-8BDA6E7092E1}.Debug|Any CPU.ActiveCfg = Debug|Any CPU
		{166D307D-3A65-4BF1-ACD4-8BDA6E7092E1}.Debug|Any CPU.Build.0 = Debug|Any CPU
		{166D307D-3A65-4BF1-ACD4-8BDA6E7092E1}.Release|Any CPU.ActiveCfg = Release|Any CPU
		{166D307D-3A65-4BF1-ACD4-8BDA6E7092E1}.Release|Any CPU.Build.0 = Release|Any CPU
		{2FE6D6CA-6546-4E0D-86AC-94888935CC1C}.Debug|Any CPU.ActiveCfg = Debug|Any CPU
		{2FE6D6CA-6546-4E0D-86AC-94888935CC1C}.Debug|Any CPU.Build.0 = Debug|Any CPU
		{2FE6D6CA-6546-4E0D-86AC-94888935CC1C}.Release|Any CPU.ActiveCfg = Release|Any CPU
		{2FE6D6CA-6546-4E0D-86AC-94888935CC1C}.Release|Any CPU.Build.0 = Release|Any CPU
	EndGlobalSection
	GlobalSection(SolutionProperties) = preSolution
		HideSolutionNode = FALSE
	EndGlobalSection
	GlobalSection(ExtensibilityGlobals) = postSolution
		SolutionGuid = {E6F9AD6F-92A6-4600-B0C6-3B6189B05D75}
	EndGlobalSection
EndGlobal
