
Microsoft Visual Studio Solution File, Format Version 12.00
# Visual Studio Version 17
VisualStudioVersion = 17.2.32526.322
MinimumVisualStudioVersion = 10.0.40219.1
Project("{9A19103F-16F7-4668-BE54-9A1E7A4F7556}") = "TestProject", "TestProject\TestProject.csproj", "{6D505157-32E2-4821-83DB-F424A7E10AE5}"
EndProject
Project("{9A19103F-16F7-4668-BE54-9A1E7A4F7556}") = "RCVUcab", "RCVUcab\RCVUcab.csproj", "{CCD09FE0-5628-4E8C-B751-925E2ABF12AE}"
EndProject
Project("{9A19103F-16F7-4668-BE54-9A1E7A4F7556}") = "ProviderWS", "ProviderWS\ProviderWS.csproj", "{470D63CA-DE8E-4BC3-BC88-D0AA08E3CB89}"
EndProject
Project("{9A19103F-16F7-4668-BE54-9A1E7A4F7556}") = "RCVUcab.BussinesLogic.Mappers", "RCVUcab.BussinesLogic.Mappers\RCVUcab.BussinesLogic.Mappers.csproj", "{9497D916-A045-4F40-8A0F-C1BABE3D87BF}"
EndProject
Project("{FAE04EC0-301F-11D3-BF4B-00C04F79EFBC}") = "RCVUcab.DataAccess", "RCVUcab.DataAccess\RCVUcab.DataAccess.csproj", "{1AA455BC-60E7-4752-97C5-BE31FDFDD02A}"
EndProject
Project("{FAE04EC0-301F-11D3-BF4B-00C04F79EFBC}") = "RCVUcab.BussinesLogic.DTO", "RCVUcab.BussinesLogic.DTO\RCVUcab.BussinesLogic.DTO.csproj", "{FA5B7B97-9EAB-4634-9BD6-7B57E54C6180}"
EndProject
Project("{FAE04EC0-301F-11D3-BF4B-00C04F79EFBC}") = "RCVUcab.BussinesLogic.Commands", "RCVUcab.BussinesLogic.Commands\RCVUcab.BussinesLogic.Commands.csproj", "{8F9E7751-449E-4908-A729-70598CEB7DCE}"
EndProject
Global
	GlobalSection(SolutionConfigurationPlatforms) = preSolution
		Debug|Any CPU = Debug|Any CPU
		Release|Any CPU = Release|Any CPU
	EndGlobalSection
	GlobalSection(ProjectConfigurationPlatforms) = postSolution
		{6D505157-32E2-4821-83DB-F424A7E10AE5}.Debug|Any CPU.ActiveCfg = Debug|Any CPU
		{6D505157-32E2-4821-83DB-F424A7E10AE5}.Debug|Any CPU.Build.0 = Debug|Any CPU
		{6D505157-32E2-4821-83DB-F424A7E10AE5}.Release|Any CPU.ActiveCfg = Release|Any CPU
		{6D505157-32E2-4821-83DB-F424A7E10AE5}.Release|Any CPU.Build.0 = Release|Any CPU
		{CCD09FE0-5628-4E8C-B751-925E2ABF12AE}.Debug|Any CPU.ActiveCfg = Debug|Any CPU
		{CCD09FE0-5628-4E8C-B751-925E2ABF12AE}.Debug|Any CPU.Build.0 = Debug|Any CPU
		{CCD09FE0-5628-4E8C-B751-925E2ABF12AE}.Release|Any CPU.ActiveCfg = Release|Any CPU
		{CCD09FE0-5628-4E8C-B751-925E2ABF12AE}.Release|Any CPU.Build.0 = Release|Any CPU
		{470D63CA-DE8E-4BC3-BC88-D0AA08E3CB89}.Debug|Any CPU.ActiveCfg = Debug|Any CPU
		{470D63CA-DE8E-4BC3-BC88-D0AA08E3CB89}.Debug|Any CPU.Build.0 = Debug|Any CPU
		{470D63CA-DE8E-4BC3-BC88-D0AA08E3CB89}.Release|Any CPU.ActiveCfg = Release|Any CPU
		{470D63CA-DE8E-4BC3-BC88-D0AA08E3CB89}.Release|Any CPU.Build.0 = Release|Any CPU
		{9497D916-A045-4F40-8A0F-C1BABE3D87BF}.Debug|Any CPU.ActiveCfg = Debug|Any CPU
		{9497D916-A045-4F40-8A0F-C1BABE3D87BF}.Debug|Any CPU.Build.0 = Debug|Any CPU
		{9497D916-A045-4F40-8A0F-C1BABE3D87BF}.Release|Any CPU.ActiveCfg = Release|Any CPU
		{9497D916-A045-4F40-8A0F-C1BABE3D87BF}.Release|Any CPU.Build.0 = Release|Any CPU
		{1AA455BC-60E7-4752-97C5-BE31FDFDD02A}.Debug|Any CPU.ActiveCfg = Debug|Any CPU
		{1AA455BC-60E7-4752-97C5-BE31FDFDD02A}.Debug|Any CPU.Build.0 = Debug|Any CPU
		{1AA455BC-60E7-4752-97C5-BE31FDFDD02A}.Release|Any CPU.ActiveCfg = Release|Any CPU
		{1AA455BC-60E7-4752-97C5-BE31FDFDD02A}.Release|Any CPU.Build.0 = Release|Any CPU
		{FA5B7B97-9EAB-4634-9BD6-7B57E54C6180}.Debug|Any CPU.ActiveCfg = Debug|Any CPU
		{FA5B7B97-9EAB-4634-9BD6-7B57E54C6180}.Debug|Any CPU.Build.0 = Debug|Any CPU
		{FA5B7B97-9EAB-4634-9BD6-7B57E54C6180}.Release|Any CPU.ActiveCfg = Release|Any CPU
		{FA5B7B97-9EAB-4634-9BD6-7B57E54C6180}.Release|Any CPU.Build.0 = Release|Any CPU
		{8F9E7751-449E-4908-A729-70598CEB7DCE}.Debug|Any CPU.ActiveCfg = Debug|Any CPU
		{8F9E7751-449E-4908-A729-70598CEB7DCE}.Debug|Any CPU.Build.0 = Debug|Any CPU
		{8F9E7751-449E-4908-A729-70598CEB7DCE}.Release|Any CPU.ActiveCfg = Release|Any CPU
		{8F9E7751-449E-4908-A729-70598CEB7DCE}.Release|Any CPU.Build.0 = Release|Any CPU
	EndGlobalSection
	GlobalSection(SolutionProperties) = preSolution
		HideSolutionNode = FALSE
	EndGlobalSection
	GlobalSection(ExtensibilityGlobals) = postSolution
		SolutionGuid = {E6F9AD6F-92A6-4600-B0C6-3B6189B05D75}
	EndGlobalSection
EndGlobal
