
Microsoft Visual Studio Solution File, Format Version 12.00
# Visual Studio Version 16
VisualStudioVersion = 25.0.1700.7
MinimumVisualStudioVersion = 10.0.40219.1
Project("{FAE04EC0-301F-11D3-BF4B-00C04F79EFBC}") = "RCVUcab.BussinesLogic.DTO", "RCVUcab.BussinesLogic.DTO.csproj", "{7C09CF79-9916-471D-A585-8DC9DE4E796A}"
EndProject
Global
	GlobalSection(SolutionConfigurationPlatforms) = preSolution
		Debug|Any CPU = Debug|Any CPU
		Release|Any CPU = Release|Any CPU
	EndGlobalSection
	GlobalSection(ProjectConfigurationPlatforms) = postSolution
		{7C09CF79-9916-471D-A585-8DC9DE4E796A}.Debug|Any CPU.ActiveCfg = Debug|Any CPU
		{7C09CF79-9916-471D-A585-8DC9DE4E796A}.Debug|Any CPU.Build.0 = Debug|Any CPU
		{7C09CF79-9916-471D-A585-8DC9DE4E796A}.Release|Any CPU.ActiveCfg = Release|Any CPU
		{7C09CF79-9916-471D-A585-8DC9DE4E796A}.Release|Any CPU.Build.0 = Release|Any CPU
	EndGlobalSection
	GlobalSection(SolutionProperties) = preSolution
		HideSolutionNode = FALSE
	EndGlobalSection
	GlobalSection(ExtensibilityGlobals) = postSolution
		SolutionGuid = {8B9F12B5-DC40-4F70-98BF-432763121C7C}
	EndGlobalSection
EndGlobal
